PyYAML==6.0.3
Pygments==2.20.0
certifi==2026.7.22
charset-normalizer==3.4.9
idna==3.18
iniconfig==2.3.0
jsondiff==2.2.1
jsonpatch==1.33
jsonpointer==3.1.1
openapi-generator-cli==7.3.0
packaging==26.2
pexpect==4.9.0
pluggy==1.6.0
ptyprocess==0.7.0
pydantic==1.10.26
pytest==9.1.1
python-dateutil==2.9.0.post0
requests==2.34.2
setuptools==83.0.0
six==1.17.0
typing_extensions==4.16.0
urllib3==1.26.20
wheel==0.47.0
xmltodict==1.0.4
